// !$*UTF8*$!
{
 archiveVersion = 1;
 classes = { };
 objectVersion = 56;
 objects = {
  00112233445566778899AABB /* ImageMagickApp.swift in Sources */ = {isa = PBXBuildFile; fileRef = 10112233445566778899AABB /* ImageMagickApp.swift */; };
 00112233445566778899AABC /* ContentView.swift in Sources */ = {isa = PBXBuildFile; fileRef = 10112233445566778899AABC /* ContentView.swift */; };
 00112233445566778899AABD /* IMBridge.c in Sources */ = {isa = PBXBuildFile; fileRef = 10112233445566778899AABD /* IMBridge.c */; };
 00112233445566778899AABE /* UIKit.framework in Frameworks */ = {isa = PBXBuildFile; fileRef = 10112233445566778899AABE /* UIKit.framework */; };
 00112233445566778899AABF /* Photos.framework in Frameworks */ = {isa = PBXBuildFile; fileRef = 10112233445566778899AABF /* Photos.framework */; };
 00112233445566778899AAC0 /* Assets.xcassets in Resources */ = {isa = PBXBuildFile; fileRef = 10112233445566778899AAC0 /* Assets.xcassets */; };
 10112233445566778899AAA0 /* ImageMagickApp.app */ = {isa = PBXFileReference; explicitFileType = wrapper.application; includeInIndex = 0; path = ImageMagickApp.app; sourceTree = BUILT_PRODUCTS_DIR; };
 10112233445566778899AABB /* ImageMagickApp.swift */ = {isa = PBXFileReference; lastKnownFileType = sourcecode.swift; path = ImageMagickApp.swift; sourceTree = "<group>"; };
 10112233445566778899AABC /* ContentView.swift */ = {isa = PBXFileReference; lastKnownFileType = sourcecode.swift; path = ContentView.swift; sourceTree = "<group>"; };
 10112233445566778899AABD /* IMBridge.c */ = {isa = PBXFileReference; lastKnownFileType = sourcecode.c.c; path = IMBridge.c; sourceTree = "<group>"; };
 10112233445566778899AABF /* Photos.framework */ = {isa = PBXFileReference; lastKnownFileType = wrapper.framework; name = Photos.framework; path = System/Library/Frameworks/Photos.framework; sourceTree = SDKROOT; };
 10112233445566778899AABE /* UIKit.framework */ = {isa = PBXFileReference; lastKnownFileType = wrapper.framework; name = UIKit.framework; path = System/Library/Frameworks/UIKit.framework; sourceTree = SDKROOT; };
 10112233445566778899AAC0 /* Assets.xcassets */ = {isa = PBXFileReference; lastKnownFileType = folder.assetcatalog; path = Assets.xcassets; sourceTree = "<group>"; };
 10112233445566778899AAC1 /* Info.plist */ = {isa = PBXFileReference; lastKnownFileType = text.plist.xml; path = Info.plist; sourceTree = "<group>"; };
 10112233445566778899AAC2 /* ImageMagickApp.entitlements */ = {isa = PBXFileReference; lastKnownFileType = text.plist.entitlements; path = ImageMagickApp.entitlements; sourceTree = "<group>"; };
 10112233445566778899AAD0 /* ImageMagickApp */ = {isa = PBXGroup; children = (10112233445566778899AABB,10112233445566778899AABC,10112233445566778899AABD,); path = ImageMagickApp; sourceTree = "<group>"; };
 10112233445566778899AAD1 /* Products */ = {isa = PBXGroup; children = (10112233445566778899AAA0,); name = Products; sourceTree = "<group>"; };
 10112233445566778899AAD2 = {isa = PBXGroup; children = (10112233445566778899AAD0,10112233445566778899AAD1,10112233445566778899AAC0,10112233445566778899AAC1,10112233445566778899AAC2,); sourceTree = "<group>"; };
 10112233445566778899AAE0 /* Frameworks */ = {isa = PBXFrameworksBuildPhase; buildActionMask = 2147483647; files = (00112233445566778899AABE,00112233445566778899AABF,); runOnlyForDeploymentPostprocessing = 0; };
 10112233445566778899AAE1 /* Sources */ = {isa = PBXSourcesBuildPhase; buildActionMask = 2147483647; files = (00112233445566778899AABB,00112233445566778899AABC,00112233445566778899AABD,); runOnlyForDeploymentPostprocessing = 0; };
 10112233445566778899AAE2 /* Resources */ = {isa = PBXResourcesBuildPhase; buildActionMask = 2147483647; files = (00112233445566778899AAC0,); runOnlyForDeploymentPostprocessing = 0; };
 10112233445566778899AAF0 /* ImageMagickApp */ = {isa = PBXNativeTarget; buildConfigurationList = 10112233445566778899AB10; buildPhases = (10112233445566778899AAE1,10112233445566778899AAE0,10112233445566778899AAE2,); buildRules = (); dependencies = (); name = ImageMagickApp; productName = ImageMagickApp; productReference = 10112233445566778899AAA0; productType = "com.apple.product-type.application"; };
 10112233445566778899AAF1 /* Project */ = {isa = PBXProject; attributes = { LastUpgradeCheck = 2650; ORGANIZATIONNAME = Zedikas; TargetAttributes = { 10112233445566778899AAF0 = { CreatedOnToolsVersion = 26.0; }; }; }; buildConfigurationList = 10112233445566778899AB00; compatibilityVersion = "Xcode 16.0"; developmentRegion = en; mainGroup = 10112233445566778899AAD2; productRefGroup = 10112233445566778899AAD1; projectDirPath = ""; projectRoot = ""; targets = (10112233445566778899AAF0,); };
 10112233445566778899AB00 /* Project configurations */ = {isa = XCConfigurationList; buildConfigurations = (10112233445566778899AB01,10112233445566778899AB02,); defaultConfigurationIsVisible = 0; defaultConfigurationName = Release; };
 10112233445566778899AB10 /* Target configurations */ = {isa = XCConfigurationList; buildConfigurations = (10112233445566778899AB11,10112233445566778899AB12,); defaultConfigurationIsVisible = 0; defaultConfigurationName = Release; };
 10112233445566778899AB01 /* Project Debug */ = {isa = XCBuildConfiguration; buildSettings = { IPHONEOS_DEPLOYMENT_TARGET = 17.0; }; name = Debug; };
 10112233445566778899AB02 /* Project Release */ = {isa = XCBuildConfiguration; buildSettings = { IPHONEOS_DEPLOYMENT_TARGET = 17.0; }; name = Release; };
 10112233445566778899AB11 /* Target Debug */ = {isa = XCBuildConfiguration; buildSettings = { ASSETCATALOG_COMPILER_APPICON_NAME = AppIcon; CODE_SIGN_ENTITLEMENTS = ImageMagickApp/ImageMagickApp.entitlements; CURRENT_PROJECT_VERSION = 1; DEVELOPMENT_TEAM = ""; GENERATE_INFOPLIST_FILE = NO; INFOPLIST_FILE = ImageMagickApp/Info.plist; IPHONEOS_DEPLOYMENT_TARGET = 17.0; PRODUCT_BUNDLE_IDENTIFIER = com.zedikas.imagemagick; PRODUCT_NAME = "$(TARGET_NAME)"; SDKROOT = iphoneos; SWIFT_VERSION = 6.0; HEADER_SEARCH_PATHS = "$(SRCROOT)/ImageMagickApp/Vendor/ImageMagickBuild/iphoneos/include"; LIBRARY_SEARCH_PATHS = "$(SRCROOT)/ImageMagickApp/Vendor/ImageMagickBuild/iphoneos/lib"; OTHER_CFLAGS = "-Dmacintosh=1"; OTHER_LDFLAGS = ("-lMagickWand-7.Q8","-lMagickCore-7.Q8","-lz","-lm",); SWIFT_OBJC_BRIDGING_HEADER = ImageMagickApp/ImageMagickApp-Bridging-Header.h; }; name = Debug; };
 10112233445566778899AB12 /* Target Release */ = {isa = XCBuildConfiguration; buildSettings = { ASSETCATALOG_COMPILER_APPICON_NAME = AppIcon; CODE_SIGN_ENTITLEMENTS = ImageMagickApp/ImageMagickApp.entitlements; CURRENT_PROJECT_VERSION = 1; DEVELOPMENT_TEAM = ""; GENERATE_INFOPLIST_FILE = NO; INFOPLIST_FILE = ImageMagickApp/Info.plist; IPHONEOS_DEPLOYMENT_TARGET = 17.0; PRODUCT_BUNDLE_IDENTIFIER = com.zedikas.imagemagick; PRODUCT_NAME = "$(TARGET_NAME)"; SDKROOT = iphoneos; SWIFT_VERSION = 6.0; SWIFT_OPTIMIZATION_LEVEL = "-O"; HEADER_SEARCH_PATHS = "$(SRCROOT)/ImageMagickApp/Vendor/ImageMagickBuild/iphoneos/include"; LIBRARY_SEARCH_PATHS = "$(SRCROOT)/ImageMagickApp/Vendor/ImageMagickBuild/iphoneos/lib"; OTHER_CFLAGS = "-Dmacintosh=1"; OTHER_LDFLAGS = ("-lMagickWand-7.Q8","-lMagickCore-7.Q8","-lz","-lm",); SWIFT_OBJC_BRIDGING_HEADER = ImageMagickApp/ImageMagickApp-Bridging-Header.h; }; name = Release; };
 };
 rootObject = 10112233445566778899AAF1 /* Project */;
}
