// !$*UTF8*$!
{
 archiveVersion = 1;
 classes = {
 };
 objectVersion = 56;
 objects = {
/* Begin PBXBuildFile section */
    B4DB847B636745F9A1FCE621 /* ImageMagickApp.swift in Sources */ = {isa = PBXBuildFile; fileRef = F3833E95D80544CABA1F7738 /* ImageMagickApp.swift */; };
    CBBD77A6860E4724BDA18080 /* ContentView.swift in Sources */ = {isa = PBXBuildFile; fileRef = E04864A998D54D8A9520765F /* ContentView.swift */; };
    58C30BDD04214691BA3BD3F7 /* IMBridge.c in Sources */ = {isa = PBXBuildFile; fileRef = 95AA88A157804624A414EF91 /* IMBridge.c */; };
    619930B0F2FC4C94872F65D8 /* UIKit.framework in Frameworks */ = {isa = PBXBuildFile; fileRef = 2EB93833D45B48DE853B553F /* UIKit.framework */; };
    C85CCB7159464BE89644107D /* Photos.framework in Frameworks */ = {isa = PBXBuildFile; fileRef = D035A3B10DB74EA9882F2E09 /* Photos.framework */; };
/* End PBXBuildFile section */
/* Begin PBXFileReference section */
    F571BEC33CD9451299074172 /* ImageMagickApp.app */ = {isa = PBXFileReference; explicitFileType = wrapper.application; includeInIndex = 0; path = ImageMagickApp.app; sourceTree = BUILT_PRODUCTS_DIR; };
    F3833E95D80544CABA1F7738 /* ImageMagickApp.swift */ = {isa = PBXFileReference; lastKnownFileType = sourcecode.swift; path = ImageMagickApp.swift; sourceTree = "<group>"; };
    E04864A998D54D8A9520765F /* ContentView.swift */ = {isa = PBXFileReference; lastKnownFileType = sourcecode.swift; path = ContentView.swift; sourceTree = "<group>"; };
    95AA88A157804624A414EF91 /* IMBridge.c */ = {isa = PBXFileReference; lastKnownFileType = sourcecode.c.c; path = IMBridge.c; sourceTree = "<group>"; };
    965CC7A9C4C041AA8EA2024F /* IMBridge.h */ = {isa = PBXFileReference; lastKnownFileType = sourcecode.c.h; path = IMBridge.h; sourceTree = "<group>"; };
    BC204AD4A1C0439B857FE6C5 /* Info.plist */ = {isa = PBXFileReference; lastKnownFileType = text.plist.xml; path = Info.plist; sourceTree = "<group>"; };
    456640003F6F44218B192FCB /* ImageMagickApp.entitlements */ = {isa = PBXFileReference; lastKnownFileType = text.plist.entitlements; path = ImageMagickApp.entitlements; sourceTree = "<group>"; };
    2EB93833D45B48DE853B553F /* UIKit.framework */ = {isa = PBXFileReference; lastKnownFileType = wrapper.framework; name = UIKit.framework; path = System/Library/Frameworks/UIKit.framework; sourceTree = SDKROOT; };
    D035A3B10DB74EA9882F2E09 /* Photos.framework */ = {isa = PBXFileReference; lastKnownFileType = wrapper.framework; name = Photos.framework; path = System/Library/Frameworks/Photos.framework; sourceTree = SDKROOT; };
/* End PBXFileReference section */
/* Begin PBXFrameworksBuildPhase section */
    7E9D4B759FF7417DA3845D89 /* Frameworks */ = {
        isa = PBXFrameworksBuildPhase;
        buildActionMask = 2147483647;
        files = (
            619930B0F2FC4C94872F65D8 /* UIKit.framework in Frameworks */,
            C85CCB7159464BE89644107D /* Photos.framework in Frameworks */,
        );
        runOnlyForDeploymentPostprocessing = 0;
    };
/* End PBXFrameworksBuildPhase section */
/* Begin PBXGroup section */
    457998DD3B124E94972A37CB = {
        isa = PBXGroup;
        children = (
            54FF77EDB9B346D9BE349F24 /* ImageMagickApp */,
            65402D5911364AB5A07B7218 /* Products */,
            BC204AD4A1C0439B857FE6C5 /* Info.plist */,
            456640003F6F44218B192FCB /* ImageMagickApp.entitlements */,
        );
        sourceTree = "<group>";
    };
    54FF77EDB9B346D9BE349F24 /* ImageMagickApp */ = {
        isa = PBXGroup;
        children = (
            F3833E95D80544CABA1F7738 /* ImageMagickApp.swift */,
            E04864A998D54D8A9520765F /* ContentView.swift */,
            95AA88A157804624A414EF91 /* IMBridge.c */,
            965CC7A9C4C041AA8EA2024F /* IMBridge.h */,
        );
        path = ImageMagickApp;
        sourceTree = "<group>";
    };
    65402D5911364AB5A07B7218 /* Products */ = {
        isa = PBXGroup;
        children = (F571BEC33CD9451299074172 /* ImageMagickApp.app */);
        name = Products;
        sourceTree = "<group>";
    };
/* End PBXGroup section */
/* Begin PBXNativeTarget section */
    6799E59AB15745208B42AC85 /* ImageMagickApp */ = {
        isa = PBXNativeTarget;
        buildConfigurationList = A710B56110084B63BEF4A0DD /* Build configuration list for PBXNativeTarget "ImageMagickApp" */;
        buildPhases = (
            0289839E78C446CEBD05CA5F /* Sources */,
            7E9D4B759FF7417DA3845D89 /* Frameworks */,
            F4B70E8F585643A3BE3BCBB9 /* Resources */,
        );
        buildRules = ();
        dependencies = ();
        name = ImageMagickApp;
        productName = ImageMagickApp;
        productReference = F571BEC33CD9451299074172 /* ImageMagickApp.app */;
        productType = "com.apple.product-type.application";
    };
/* End PBXNativeTarget section */
/* Begin PBXProject section */
    711248EB18F042DC91710D92 /* Project object */ = {
        isa = PBXProject;
        attributes = {
            LastUpgradeCheck = 2650;
            ORGANIZATIONNAME = Zedikas;
            TargetAttributes = {
                6799E59AB15745208B42AC85 = { CreatedOnToolsVersion = 26.0; };
            };
        };
        buildConfigurationList = E6124981285840E88FEE6183 /* Build configuration list for PBXProject "ImageMagickApp" */;
        compatibilityVersion = "Xcode 16.0";
        developmentRegion = en;
        hasScannedForEncodings = 0;
        knownRegions = (en, Base);
        mainGroup = 457998DD3B124E94972A37CB;
        productRefGroup = 65402D5911364AB5A07B7218;
        projectDirPath = "";
        projectRoot = "";
        targets = (6799E59AB15745208B42AC85);
    };
/* End PBXProject section */
/* Begin PBXResourcesBuildPhase section */
    F4B70E8F585643A3BE3BCBB9 /* Resources */ = {
        isa = PBXResourcesBuildPhase;
        buildActionMask = 2147483647;
        files = ();
        runOnlyForDeploymentPostprocessing = 0;
    };
/* End PBXResourcesBuildPhase section */
/* Begin PBXSourcesBuildPhase section */
    0289839E78C446CEBD05CA5F /* Sources */ = {
        isa = PBXSourcesBuildPhase;
        buildActionMask = 2147483647;
        files = (
            B4DB847B636745F9A1FCE621 /* ImageMagickApp.swift in Sources */,
            CBBD77A6860E4724BDA18080 /* ContentView.swift in Sources */,
            58C30BDD04214691BA3BD3F7 /* IMBridge.c in Sources */,
        );
        runOnlyForDeploymentPostprocessing = 0;
    };
/* End PBXSourcesBuildPhase section */
/* Begin XCBuildConfiguration section */
    C3947658346F4ED6BB14D1E5 /* Debug */ = {
        isa = XCBuildConfiguration;
        buildSettings = {
            ALWAYS_SEARCH_USER_PATHS = NO;
            CLANG_ENABLE_MODULES = YES;
            CLANG_ENABLE_OBJC_ARC = YES;
            CURRENT_PROJECT_VERSION = 1;
            DEVELOPMENT_TEAM = "";
            GENERATE_INFOPLIST_FILE = NO;
            INFOPLIST_FILE = ImageMagickApp/Info.plist;
            IPHONEOS_DEPLOYMENT_TARGET = 17.0;
            PRODUCT_BUNDLE_IDENTIFIER = com.zedikas.imagemagick;
            PRODUCT_NAME = "$(TARGET_NAME)";
            SDKROOT = iphoneos;
            SWIFT_VERSION = 6.0;
        };
        name = Debug;
    };
    FCDB9E02344149D389249967 /* Release */ = {
        isa = XCBuildConfiguration;
        buildSettings = {
            ALWAYS_SEARCH_USER_PATHS = NO;
            CLANG_ENABLE_MODULES = YES;
            CLANG_ENABLE_OBJC_ARC = YES;
            CURRENT_PROJECT_VERSION = 1;
            DEVELOPMENT_TEAM = "";
            GENERATE_INFOPLIST_FILE = NO;
            INFOPLIST_FILE = ImageMagickApp/Info.plist;
            IPHONEOS_DEPLOYMENT_TARGET = 17.0;
            PRODUCT_BUNDLE_IDENTIFIER = com.zedikas.imagemagick;
            PRODUCT_NAME = "$(TARGET_NAME)";
            SDKROOT = iphoneos;
            SWIFT_OPTIMIZATION_LEVEL = "-O";
            SWIFT_VERSION = 6.0;
        };
        name = Release;
    };
    74FCC6302C77497981B3CB73 /* Debug */ = {
        isa = XCBuildConfiguration;
        buildSettings = {
            CLANG_ENABLE_MODULES = YES;
            CODE_SIGN_ENTITLEMENTS = ImageMagickApp/ImageMagickApp.entitlements;
            HEADER_SEARCH_PATHS = "$(SRCROOT)/ImageMagickApp/Vendor/ImageMagickBuild/iphoneos/include";
            LIBRARY_SEARCH_PATHS = "$(SRCROOT)/ImageMagickApp/Vendor/ImageMagickBuild/iphoneos/lib";
            LIBRARY_SEARCH_PATHS[sdk=iphonesimulator*] = "$(SRCROOT)/ImageMagickApp/Vendor/ImageMagickBuild/iphonesimulator/lib";
            HEADER_SEARCH_PATHS[sdk=iphonesimulator*] = "$(SRCROOT)/ImageMagickApp/Vendor/ImageMagickBuild/iphonesimulator/include";
            OTHER_CFLAGS = "-Dmacintosh=1";
            OTHER_LDFLAGS = (
                "-lMagickWand-7.Q8",
                "-lMagickCore-7.Q8",
                "-lz",
                "-lm",
            );
            SWIFT_OBJC_BRIDGING_HEADER = ImageMagickApp/ImageMagickApp-Bridging-Header.h;
        };
        name = Debug;
    };
    EF3B5AF59D5F4E378D8DE92B /* Release */ = {
        isa = XCBuildConfiguration;
        buildSettings = {
            CLANG_ENABLE_MODULES = YES;
            CODE_SIGN_ENTITLEMENTS = ImageMagickApp/ImageMagickApp.entitlements;
            HEADER_SEARCH_PATHS = "$(SRCROOT)/ImageMagickApp/Vendor/ImageMagickBuild/iphoneos/include";
            LIBRARY_SEARCH_PATHS = "$(SRCROOT)/ImageMagickApp/Vendor/ImageMagickBuild/iphoneos/lib";
            LIBRARY_SEARCH_PATHS[sdk=iphonesimulator*] = "$(SRCROOT)/ImageMagickApp/Vendor/ImageMagickBuild/iphonesimulator/lib";
            HEADER_SEARCH_PATHS[sdk=iphonesimulator*] = "$(SRCROOT)/ImageMagickApp/Vendor/ImageMagickBuild/iphonesimulator/include";
            OTHER_CFLAGS = "-Dmacintosh=1";
            OTHER_LDFLAGS = (
                "-lMagickWand-7.Q8",
                "-lMagickCore-7.Q8",
                "-lz",
                "-lm",
            );
            SWIFT_OBJC_BRIDGING_HEADER = ImageMagickApp/ImageMagickApp-Bridging-Header.h;
        };
        name = Release;
    };
/* End XCBuildConfiguration section */
/* Begin XCConfigurationList section */
    E6124981285840E88FEE6183 /* Build configuration list for PBXProject "ImageMagickApp" */ = {
        isa = XCConfigurationList;
        buildConfigurations = (C3947658346F4ED6BB14D1E5, FCDB9E02344149D389249967);
        defaultConfigurationIsVisible = 0;
        defaultConfigurationName = Release;
    };
    A710B56110084B63BEF4A0DD /* Build configuration list for PBXNativeTarget "ImageMagickApp" */ = {
        isa = XCConfigurationList;
        buildConfigurations = (74FCC6302C77497981B3CB73, EF3B5AF59D5F4E378D8DE92B);
        defaultConfigurationIsVisible = 0;
        defaultConfigurationName = Release;
    };
/* End XCConfigurationList section */
 };
 rootObject = 711248EB18F042DC91710D92 /* Project object */;
}
